
Microsoft Visual Studio Solution File, Format Version 12.00
# Visual Studio Version 16
VisualStudioVersion = 16.0.31829.152
MinimumVisualStudioVersion = 10.0.40219.1
Project("{FAE04EC0-301F-11D3-BF4B-00C04F79EFBC}") = "Generic Delegate", "Generic Delegate\Generic Delegate.csproj", "{50ED1F56-BB51-4873-BAE6-DC0C7D3F8B2F}"
EndProject
Global
	GlobalSection(SolutionConfigurationPlatforms) = preSolution
		Debug|Any CPU = Debug|Any CPU
		Release|Any CPU = Release|Any CPU
	EndGlobalSection
	GlobalSection(ProjectConfigurationPlatforms) = postSolution
		{50ED1F56-BB51-4873-BAE6-DC0C7D3F8B2F}.Debug|Any CPU.ActiveCfg = Debug|Any CPU
		{50ED1F56-BB51-4873-BAE6-DC0C7D3F8B2F}.Debug|Any CPU.Build.0 = Debug|Any CPU
		{50ED1F56-BB51-4873-BAE6-DC0C7D3F8B2F}.Release|Any CPU.ActiveCfg = Release|Any CPU
		{50ED1F56-BB51-4873-BAE6-DC0C7D3F8B2F}.Release|Any CPU.Build.0 = Release|Any CPU
	EndGlobalSection
	GlobalSection(SolutionProperties) = preSolution
		HideSolutionNode = FALSE
	EndGlobalSection
	GlobalSection(ExtensibilityGlobals) = postSolution
		SolutionGuid = {417762F6-45C1-4DC1-966D-0B4C4192A36C}
	EndGlobalSection
EndGlobal
